{
    "version": 3,
    "terraform_version": "0.11.7",
    "serial": 6,
    "lineage": "e2fa66cf-7234-8a5b-f0ad-acc4fa9584c4",
    "modules": [
        {
            "path": [
                "root"
            ],
            "outputs": {
                "emr-id": {
                    "sensitive": false,
                    "type": "string",
                    "value": "j-1G24T7UYXQXR3"
                },
                "emr-master": {
                    "sensitive": false,
                    "type": "string",
                    "value": "ec2-54-197-138-114.compute-1.amazonaws.com"
                }
            },
            "resources": {
                "aws_emr_cluster.emr-spark-cluster": {
                    "type": "aws_emr_cluster",
                    "depends_on": [
                        "aws_s3_bucket_object.bootstrap",
                        "aws_security_group.security-group"
                    ],
                    "primary": {
                        "id": "j-1G24T7UYXQXR3",
                        "attributes": {
                            "applications.#": "3",
                            "applications.1557323817": "Spark",
                            "applications.2430401924": "Ganglia",
                            "applications.3006569794": "Hadoop",
                            "autoscaling_role": "",
                            "bootstrap_action.#": "1",
                            "bootstrap_action.396879256.args.#": "5",
                            "bootstrap_action.396879256.args.0": "s3://azavea-africa-test/rpms/4ff6e43910188a1215a1474cd2e5152e200c5702",
                            "bootstrap_action.396879256.args.1": "s3://azavea-africa-test/notebooks",
                            "bootstrap_action.396879256.args.2": "s3://geopyspark-dependency-jars/geotrellis-backend-assembly-0.4.2.jar",
                            "bootstrap_action.396879256.args.3": "https://github.com/locationtech-labs/geopyspark/archive/cfe5a5b7ce8ef9b1961bb4144f4efced2ed0c652.zip",
                            "bootstrap_action.396879256.args.4": "bcf7745d23044e9a4f61dfe4540a5e0116ceb425",
                            "bootstrap_action.396879256.name": "geopyspark",
                            "bootstrap_action.396879256.path": "s3://activemapper/bootstrap-cluster-test/bootstrap.sh",
                            "cluster_state": "WAITING",
                            "configurations": "cluster-configurations.json",
                            "core_instance_type": "m3.xlarge",
                            "ebs_root_volume_size": "0",
                            "ec2_attributes.#": "1",
                            "ec2_attributes.0.additional_master_security_groups": "",
                            "ec2_attributes.0.additional_slave_security_groups": "",
                            "ec2_attributes.0.emr_managed_master_security_group": "sg-cb12d081",
                            "ec2_attributes.0.emr_managed_slave_security_group": "sg-cb12d081",
                            "ec2_attributes.0.instance_profile": "EMR_EC2_DefaultRole",
                            "ec2_attributes.0.key_name": "ravery-key-pair-useastnv",
                            "ec2_attributes.0.service_access_security_group": "",
                            "ec2_attributes.0.subnet_id": "subnet-47b1f20f",
                            "id": "j-1G24T7UYXQXR3",
                            "instance_group.#": "2",
                            "instance_group.133606404.autoscaling_policy": "",
                            "instance_group.133606404.bid_price": "0.07",
                            "instance_group.133606404.ebs_config.#": "0",
                            "instance_group.133606404.instance_count": "1",
                            "instance_group.133606404.instance_role": "CORE",
                            "instance_group.133606404.instance_type": "m3.xlarge",
                            "instance_group.133606404.name": "geopyspark-core",
                            "instance_group.2908758686.autoscaling_policy": "",
                            "instance_group.2908758686.bid_price": "",
                            "instance_group.2908758686.ebs_config.#": "0",
                            "instance_group.2908758686.instance_count": "1",
                            "instance_group.2908758686.instance_role": "MASTER",
                            "instance_group.2908758686.instance_type": "m3.xlarge",
                            "instance_group.2908758686.name": "geopyspark-master",
                            "kerberos_attributes.#": "0",
                            "log_uri": "s3n://azavea-africa-test/logs/",
                            "master_public_dns": "ec2-54-197-138-114.compute-1.amazonaws.com",
                            "name": "GeoPySpark Cluster",
                            "release_label": "emr-5.12.1",
                            "scale_down_behavior": "TERMINATE_AT_TASK_COMPLETION",
                            "security_configuration": "",
                            "service_role": "EMR_DefaultRole",
                            "step.#": "0",
                            "tags.%": "0",
                            "visible_to_all_users": "true"
                        },
                        "meta": {},
                        "tainted": false
                    },
                    "deposed": [],
                    "provider": "provider.aws"
                },
                "aws_s3_bucket_object.bootstrap": {
                    "type": "aws_s3_bucket_object",
                    "depends_on": [],
                    "primary": {
                        "id": "bootstrap-cluster-test/bootstrap.sh",
                        "attributes": {
                            "acl": "private",
                            "bucket": "activemapper",
                            "cache_control": "",
                            "content_disposition": "",
                            "content_encoding": "",
                            "content_language": "",
                            "content_type": "binary/octet-stream",
                            "etag": "51eef0224bc1416b788f2fa9ea240d08",
                            "id": "bootstrap-cluster-test/bootstrap.sh",
                            "key": "bootstrap-cluster-test/bootstrap.sh",
                            "server_side_encryption": "",
                            "source": "./bootstrap.sh",
                            "storage_class": "STANDARD",
                            "tags.%": "0",
                            "version_id": "",
                            "website_redirect": ""
                        },
                        "meta": {},
                        "tainted": false
                    },
                    "deposed": [],
                    "provider": "provider.aws"
                },
                "aws_security_group.security-group": {
                    "type": "aws_security_group",
                    "depends_on": [],
                    "primary": {
                        "id": "sg-cb12d081",
                        "attributes": {
                            "arn": "arn:aws:ec2:us-east-1:554330630998:security-group/sg-cb12d081",
                            "description": "Managed by Terraform",
                            "egress.#": "1",
                            "egress.482069346.cidr_blocks.#": "1",
                            "egress.482069346.cidr_blocks.0": "0.0.0.0/0",
                            "egress.482069346.description": "",
                            "egress.482069346.from_port": "0",
                            "egress.482069346.ipv6_cidr_blocks.#": "0",
                            "egress.482069346.prefix_list_ids.#": "0",
                            "egress.482069346.protocol": "-1",
                            "egress.482069346.security_groups.#": "0",
                            "egress.482069346.self": "false",
                            "egress.482069346.to_port": "0",
                            "id": "sg-cb12d081",
                            "ingress.#": "4",
                            "ingress.2151790822.cidr_blocks.#": "1",
                            "ingress.2151790822.cidr_blocks.0": "0.0.0.0/0",
                            "ingress.2151790822.description": "Allow TMS ports",
                            "ingress.2151790822.from_port": "49152",
                            "ingress.2151790822.ipv6_cidr_blocks.#": "0",
                            "ingress.2151790822.protocol": "tcp",
                            "ingress.2151790822.security_groups.#": "0",
                            "ingress.2151790822.self": "false",
                            "ingress.2151790822.to_port": "65535",
                            "ingress.2541437006.cidr_blocks.#": "1",
                            "ingress.2541437006.cidr_blocks.0": "0.0.0.0/0",
                            "ingress.2541437006.description": "",
                            "ingress.2541437006.from_port": "22",
                            "ingress.2541437006.ipv6_cidr_blocks.#": "0",
                            "ingress.2541437006.protocol": "tcp",
                            "ingress.2541437006.security_groups.#": "0",
                            "ingress.2541437006.self": "false",
                            "ingress.2541437006.to_port": "22",
                            "ingress.332570261.cidr_blocks.#": "1",
                            "ingress.332570261.cidr_blocks.0": "0.0.0.0/0",
                            "ingress.332570261.description": "",
                            "ingress.332570261.from_port": "8000",
                            "ingress.332570261.ipv6_cidr_blocks.#": "0",
                            "ingress.332570261.protocol": "tcp",
                            "ingress.332570261.security_groups.#": "0",
                            "ingress.332570261.self": "false",
                            "ingress.332570261.to_port": "8000",
                            "ingress.753360330.cidr_blocks.#": "0",
                            "ingress.753360330.description": "",
                            "ingress.753360330.from_port": "0",
                            "ingress.753360330.ipv6_cidr_blocks.#": "0",
                            "ingress.753360330.protocol": "-1",
                            "ingress.753360330.security_groups.#": "0",
                            "ingress.753360330.self": "true",
                            "ingress.753360330.to_port": "0",
                            "name": "terraform-20180716152525858400000001",
                            "owner_id": "554330630998",
                            "revoke_rules_on_delete": "false",
                            "tags.%": "0",
                            "vpc_id": "vpc-e48b1a9d"
                        },
                        "meta": {
                            "e2bfb730-ecaa-11e6-8f88-34363bc7c4c0": {
                                "create": 600000000000,
                                "delete": 600000000000
                            },
                            "schema_version": "1"
                        },
                        "tainted": false
                    },
                    "deposed": [],
                    "provider": "provider.aws"
                }
            },
            "depends_on": []
        }
    ]
}
